PODS:
  - Alamofire (4.8.1)
  - AlamofireImage (3.5.0):
    - Alamofire (~> 4.8)
  - Cosmos (17.0.0)
  - GoogleMaps (2.7.0):
    - GoogleMaps/Maps (= 2.7.0)
  - GoogleMaps/Base (2.7.0)
  - GoogleMaps/Maps (2.7.0):
    - GoogleMaps/Base
  - GooglePlaces (2.7.0):
    - GoogleMaps/Base (= 2.7.0)
  - SwiftyJSON (4.2.0)
  - Toast-Swift (4.0.1)

DEPENDENCIES:
  - Alamofire
  - AlamofireImage
  - Cosmos (~> 17.0)
  - GoogleMaps
  - GooglePlaces
  - SwiftyJSON
  - Toast-Swift (~> 4.0.0)

SPEC REPOS:
  https://github.com/cocoapods/specs.git:
    - Alamofire
    - AlamofireImage
    - Cosmos
    - GoogleMaps
    - GooglePlaces
    - SwiftyJSON
    - Toast-Swift

SPEC CHECKSUMS:
  Alamofire: 16ce2c353fb72865124ddae8a57c5942388f4f11
  AlamofireImage: 1aea346f4dda2f6c67622fa5a89fcbb80d79cc16
  Cosmos: 309e489f21ffc91a1eeecfebef7f817cd2fcfba6
  GoogleMaps: f79af95cb24d869457b1f961c93d3ce8b2f3b848
  GooglePlaces: 3d06e6c99654545b4738ce49648745779c25f2ef
  SwiftyJSON: c4bcba26dd9ec7a027fc8eade48e2c911f229e96
  Toast-Swift: e42a638589a2f95036b4bb7626cfbdde7daf0393

PODFILE CHECKSUM: 682f0a5c589390a6efb303bffc4fb5eba54b5235

COCOAPODS: 1.5.3
